
Microsoft Visual Studio Solution File, Format Version 12.00
Project("{FAE04EC0-301F-11D3-BF4B-00C04F79EFBC}") = "GeometryLib", "GeometryLib\GeometryLib.csproj", "{28DD07EA-B7D6-4A56-A6C4-C89A27FE57B5}"
EndProject
Project("{FAE04EC0-301F-11D3-BF4B-00C04F79EFBC}") = "GeometryLib.Test", "GeometryLib.Test\GeometryLib.Test.csproj", "{96176137-E287-4D69-9AE1-4C718D4C86E6}"
EndProject
Global
	GlobalSection(SolutionConfigurationPlatforms) = preSolution
		Debug|Any CPU = Debug|Any CPU
		Release|Any CPU = Release|Any CPU
	EndGlobalSection
	GlobalSection(ProjectConfigurationPlatforms) = postSolution
		{28DD07EA-B7D6-4A56-A6C4-C89A27FE57B5}.Debug|Any CPU.ActiveCfg = Debug|Any CPU
		{28DD07EA-B7D6-4A56-A6C4-C89A27FE57B5}.Debug|Any CPU.Build.0 = Debug|Any CPU
		{28DD07EA-B7D6-4A56-A6C4-C89A27FE57B5}.Release|Any CPU.ActiveCfg = Release|Any CPU
		{28DD07EA-B7D6-4A56-A6C4-C89A27FE57B5}.Release|Any CPU.Build.0 = Release|Any CPU
		{96176137-E287-4D69-9AE1-4C718D4C86E6}.Debug|Any CPU.ActiveCfg = Debug|Any CPU
		{96176137-E287-4D69-9AE1-4C718D4C86E6}.Debug|Any CPU.Build.0 = Debug|Any CPU
		{96176137-E287-4D69-9AE1-4C718D4C86E6}.Release|Any CPU.ActiveCfg = Release|Any CPU
		{96176137-E287-4D69-9AE1-4C718D4C86E6}.Release|Any CPU.Build.0 = Release|Any CPU
	EndGlobalSection
EndGlobal
